// !$*UTF8*$!
{
	archiveVersion = 1;
	classes = {
	};
	objectVersion = 50;
	objects = {

/* Begin PBXBuildFile section */
		E9C1078423BD3B7000AE97D9 /* AppDelegate.swift in Sources */ = {isa = PBXBuildFile; fileRef = E9C1078323BD3B7000AE97D9 /* AppDelegate.swift */; };
		E9C1078623BD3B7000AE97D9 /* SceneDelegate.swift in Sources */ = {isa = PBXBuildFile; fileRef = E9C1078523BD3B7000AE97D9 /* SceneDelegate.swift */; };
		E9C1078D23BD3B7700AE97D9 /* Assets.xcassets in Resources */ = {isa = PBXBuildFile; fileRef = E9C1078C23BD3B7700AE97D9 /* Assets.xcassets */; };
		E9C1079023BD3B7700AE97D9 /* LaunchScreen.storyboard in Resources */ = {isa = PBXBuildFile; fileRef = E9C1078E23BD3B7700AE97D9 /* LaunchScreen.storyboard */; };
		E9C1079823BD4C5600AE97D9 /* GFButton.swift in Sources */ = {isa = PBXBuildFile; fileRef = E9C1079723BD4C5600AE97D9 /* GFButton.swift */; };
		E9C1079A23BD588200AE97D9 /* GFTextfield.swift in Sources */ = {isa = PBXBuildFile; fileRef = E9C1079923BD588200AE97D9 /* GFTextfield.swift */; };
		E9C1079C23BD5CAC00AE97D9 /* SearchVC.swift in Sources */ = {isa = PBXBuildFile; fileRef = E9C1079B23BD5CAC00AE97D9 /* SearchVC.swift */; };
		E9C1079E23BD5CC000AE97D9 /* FavoritesVC.swift in Sources */ = {isa = PBXBuildFile; fileRef = E9C1079D23BD5CC000AE97D9 /* FavoritesVC.swift */; };
/* End PBXBuildFile section */

/* Begin PBXFileReference section */
		E9C1078023BD3B7000AE97D9 /* GithubFollowers_app.app */ = {isa = PBXFileReference; explicitFileType = wrapper.application; includeInIndex = 0; path = GithubFollowers_app.app; sourceTree = BUILT_PRODUCTS_DIR; };
		E9C1078323BD3B7000AE97D9 /* AppDelegate.swift */ = {isa = PBXFileReference; lastKnownFileType = sourcecode.swift; path = AppDelegate.swift; sourceTree = "<group>"; };
		E9C1078523BD3B7000AE97D9 /* SceneDelegate.swift */ = {isa = PBXFileReference; lastKnownFileType = sourcecode.swift; path = SceneDelegate.swift; sourceTree = "<group>"; };
		E9C1078C23BD3B7700AE97D9 /* Assets.xcassets */ = {isa = PBXFileReference; lastKnownFileType = folder.assetcatalog; path = Assets.xcassets; sourceTree = "<group>"; };
		E9C1078F23BD3B7700AE97D9 /* Base */ = {isa = PBXFileReference; lastKnownFileType = file.storyboard; name = Base; path = Base.lproj/LaunchScreen.storyboard; sourceTree = "<group>"; };
		E9C1079123BD3B7700AE97D9 /* Info.plist */ = {isa = PBXFileReference; lastKnownFileType = text.plist.xml; path = Info.plist; sourceTree = "<group>"; };
		E9C1079723BD4C5600AE97D9 /* GFButton.swift */ = {isa = PBXFileReference; lastKnownFileType = sourcecode.swift; path = GFButton.swift; sourceTree = "<group>"; };
		E9C1079923BD588200AE97D9 /* GFTextfield.swift */ = {isa = PBXFileReference; lastKnownFileType = sourcecode.swift; path = GFTextfield.swift; sourceTree = "<group>"; };
		E9C1079B23BD5CAC00AE97D9 /* SearchVC.swift */ = {isa = PBXFileReference; lastKnownFileType = sourcecode.swift; path = SearchVC.swift; sourceTree = "<group>"; };
		E9C1079D23BD5CC000AE97D9 /* FavoritesVC.swift */ = {isa = PBXFileReference; lastKnownFileType = sourcecode.swift; path = FavoritesVC.swift; sourceTree = "<group>"; };
/* End PBXFileReference section */

/* Begin PBXFrameworksBuildPhase section */
		E9C1077D23BD3B7000AE97D9 /* Frameworks */ = {
			isa = PBXFrameworksBuildPhase;
			buildActionMask = 2147483647;
			files = (
			);
			runOnlyForDeploymentPostprocessing = 0;
		};
/* End PBXFrameworksBuildPhase section */

/* Begin PBXGroup section */
		E9C1077723BD3B6F00AE97D9 = {
			isa = PBXGroup;
			children = (
				E9C1078223BD3B7000AE97D9 /* GithubFollowers_app */,
				E9C1078123BD3B7000AE97D9 /* Products */,
			);
			sourceTree = "<group>";
		};
		E9C1078123BD3B7000AE97D9 /* Products */ = {
			isa = PBXGroup;
			children = (
				E9C1078023BD3B7000AE97D9 /* GithubFollowers_app.app */,
			);
			name = Products;
			sourceTree = "<group>";
		};
		E9C1078223BD3B7000AE97D9 /* GithubFollowers_app */ = {
			isa = PBXGroup;
			children = (
				E9C1078323BD3B7000AE97D9 /* AppDelegate.swift */,
				E9C1078523BD3B7000AE97D9 /* SceneDelegate.swift */,
				E9C1078C23BD3B7700AE97D9 /* Assets.xcassets */,
				E9C1078E23BD3B7700AE97D9 /* LaunchScreen.storyboard */,
				E9C1079123BD3B7700AE97D9 /* Info.plist */,
				E9C1079723BD4C5600AE97D9 /* GFButton.swift */,
				E9C1079923BD588200AE97D9 /* GFTextfield.swift */,
				E9C1079B23BD5CAC00AE97D9 /* SearchVC.swift */,
				E9C1079D23BD5CC000AE97D9 /* FavoritesVC.swift */,
			);
			path = GithubFollowers_app;
			sourceTree = "<group>";
		};
/* End PBXGroup section */

/* Begin PBXNativeTarget section */
		E9C1077F23BD3B7000AE97D9 /* GithubFollowers_app */ = {
			isa = PBXNativeTarget;
			buildConfigurationList = E9C1079423BD3B7700AE97D9 /* Build configuration list for PBXNativeTarget "GithubFollowers_app" */;
			buildPhases = (
				E9C1077C23BD3B7000AE97D9 /* Sources */,
				E9C1077D23BD3B7000AE97D9 /* Frameworks */,
				E9C1077E23BD3B7000AE97D9 /* Resources */,
			);
			buildRules = (
			);
			dependencies = (
			);
			name = GithubFollowers_app;
			productName = GithubFollowers_app;
			productReference = E9C1078023BD3B7000AE97D9 /* GithubFollowers_app.app */;
			productType = "com.apple.product-type.application";
		};
/* End PBXNativeTarget section */

/* Begin PBXProject section */
		E9C1077823BD3B6F00AE97D9 /* Project object */ = {
			isa = PBXProject;
			attributes = {
				LastSwiftUpdateCheck = 1130;
				LastUpgradeCheck = 1130;
				ORGANIZATIONNAME = "Ociel Lerma";
				TargetAttributes = {
					E9C1077F23BD3B7000AE97D9 = {
						CreatedOnToolsVersion = 11.3;
					};
				};
			};
			buildConfigurationList = E9C1077B23BD3B6F00AE97D9 /* Build configuration list for PBXProject "GithubFollowers_app" */;
			compatibilityVersion = "Xcode 9.3";
			developmentRegion = en;
			hasScannedForEncodings = 0;
			knownRegions = (
				en,
				Base,
			);
			mainGroup = E9C1077723BD3B6F00AE97D9;
			productRefGroup = E9C1078123BD3B7000AE97D9 /* Products */;
			projectDirPath = "";
			projectRoot = "";
			targets = (
				E9C1077F23BD3B7000AE97D9 /* GithubFollowers_app */,
			);
		};
/* End PBXProject section */

/* Begin PBXResourcesBuildPhase section */
		E9C1077E23BD3B7000AE97D9 /* Resources */ = {
			isa = PBXResourcesBuildPhase;
			buildActionMask = 2147483647;
			files = (
				E9C1079023BD3B7700AE97D9 /* LaunchScreen.storyboard in Resources */,
				E9C1078D23BD3B7700AE97D9 /* Assets.xcassets in Resources */,
			);
			runOnlyForDeploymentPostprocessing = 0;
		};
/* End PBXResourcesBuildPhase section */

/* Begin PBXSourcesBuildPhase section */
		E9C1077C23BD3B7000AE97D9 /* Sources */ = {
			isa = PBXSourcesBuildPhase;
			buildActionMask = 2147483647;
			files = (
				E9C1079C23BD5CAC00AE97D9 /* SearchVC.swift in Sources */,
				E9C1079A23BD588200AE97D9 /* GFTextfield.swift in Sources */,
				E9C1078423BD3B7000AE97D9 /* AppDelegate.swift in Sources */,
				E9C1079E23BD5CC000AE97D9 /* FavoritesVC.swift in Sources */,
				E9C1079823BD4C5600AE97D9 /* GFButton.swift in Sources */,
				E9C1078623BD3B7000AE97D9 /* SceneDelegate.swift in Sources */,
			);
			runOnlyForDeploymentPostprocessing = 0;
		};
/* End PBXSourcesBuildPhase section */

/* Begin PBXVariantGroup section */
		E9C1078E23BD3B7700AE97D9 /* LaunchScreen.storyboard */ = {
			isa = PBXVariantGroup;
			children = (
				E9C1078F23BD3B7700AE97D9 /* Base */,
			);
			name = LaunchScreen.storyboard;
			sourceTree = "<group>";
		};
/* End PBXVariantGroup section */

/* Begin XCBuildConfiguration section */
		E9C1079223BD3B7700AE97D9 /* Debug */ = {
			isa = XCBuildConfiguration;
			buildSettings = {
				ALWAYS_SEARCH_USER_PATHS = NO;
				CLANG_ANALYZER_NONNULL = YES;
				CLANG_ANALYZER_NUMBER_OBJECT_CONVERSION = YES_AGGRESSIVE;
				CLANG_CXX_LANGUAGE_STANDARD = "gnu++14";
				CLANG_CXX_LIBRARY = "libc++";
				CLANG_ENABLE_MODULES = YES;
				CLANG_ENABLE_OBJC_ARC = YES;
				CLANG_ENABLE_OBJC_WEAK = YES;
				CLANG_WARN_BLOCK_CAPTURE_AUTORELEASING = YES;
				CLANG_WARN_BOOL_CONVERSION = YES;
				CLANG_WARN_COMMA = YES;
				CLANG_WARN_CONSTANT_CONVERSION = YES;
				CLANG_WARN_DEPRECATED_OBJC_IMPLEMENTATIONS = YES;
				CLANG_WARN_DIRECT_OBJC_ISA_USAGE = YES_ERROR;
				CLANG_WARN_DOCUMENTATION_COMMENTS = YES;
				CLANG_WARN_EMPTY_BODY = YES;
				CLANG_WARN_ENUM_CONVERSION = YES;
				CLANG_WARN_INFINITE_RECURSION = YES;
				CLANG_WARN_INT_CONVERSION = YES;
				CLANG_WARN_NON_LITERAL_NULL_CONVERSION = YES;
				CLANG_WARN_OBJC_IMPLICIT_RETAIN_SELF = YES;
				CLANG_WARN_OBJC_LITERAL_CONVERSION = YES;
				CLANG_WARN_OBJC_ROOT_CLASS = YES_ERROR;
				CLANG_WARN_RANGE_LOOP_ANALYSIS = YES;
				CLANG_WARN_STRICT_PROTOTYPES = YES;
				CLANG_WARN_SUSPICIOUS_MOVE = YES;
				CLANG_WARN_UNGUARDED_AVAILABILITY = YES_AGGRESSIVE;
				CLANG_WARN_UNREACHABLE_CODE = YES;
				CLANG_WARN__DUPLICATE_METHOD_MATCH = YES;
				COPY_PHASE_STRIP = NO;
				DEBUG_INFORMATION_FORMAT = dwarf;
				ENABLE_STRICT_OBJC_MSGSEND = YES;
				ENABLE_TESTABILITY = YES;
				GCC_C_LANGUAGE_STANDARD = gnu11;
				GCC_DYNAMIC_NO_PIC = NO;
				GCC_NO_COMMON_BLOCKS = YES;
				GCC_OPTIMIZATION_LEVEL = 0;
				GCC_PREPROCESSOR_DEFINITIONS = (
					"DEBUG=1",
					"$(inherited)",
				);
				GCC_WARN_64_TO_32_BIT_CONVERSION = YES;
				GCC_WARN_ABOUT_RETURN_TYPE = YES_ERROR;
				GCC_WARN_UNDECLARED_SELECTOR = YES;
				GCC_WARN_UNINITIALIZED_AUTOS = YES_AGGRESSIVE;
				GCC_WARN_UNUSED_FUNCTION = YES;
				GCC_WARN_UNUSED_VARIABLE = YES;
				IPHONEOS_DEPLOYMENT_TARGET = 13.2;
				MTL_ENABLE_DEBUG_INFO = INCLUDE_SOURCE;
				MTL_FAST_MATH = YES;
				ONLY_ACTIVE_ARCH = YES;
				SDKROOT = iphoneos;
				SWIFT_ACTIVE_COMPILATION_CONDITIONS = DEBUG;
				SWIFT_OPTIMIZATION_LEVEL = "-Onone";
			};
			name = Debug;
		};
		E9C1079323BD3B7700AE97D9 /* Release */ = {
			isa = XCBuildConfiguration;
			buildSettings = {
				ALWAYS_SEARCH_USER_PATHS = NO;
				CLANG_ANALYZER_NONNULL = YES;
				CLANG_ANALYZER_NUMBER_OBJECT_CONVERSION = YES_AGGRESSIVE;
				CLANG_CXX_LANGUAGE_STANDARD = "gnu++14";
				CLANG_CXX_LIBRARY = "libc++";
				CLANG_ENABLE_MODULES = YES;
				CLANG_ENABLE_OBJC_ARC = YES;
				CLANG_ENABLE_OBJC_WEAK = YES;
				CLANG_WARN_BLOCK_CAPTURE_AUTORELEASING = YES;
				CLANG_WARN_BOOL_CONVERSION = YES;
				CLANG_WARN_COMMA = YES;
				CLANG_WARN_CONSTANT_CONVERSION = YES;
				CLANG_WARN_DEPRECATED_OBJC_IMPLEMENTATIONS = YES;
				CLANG_WARN_DIRECT_OBJC_ISA_USAGE = YES_ERROR;
				CLANG_WARN_DOCUMENTATION_COMMENTS = YES;
				CLANG_WARN_EMPTY_BODY = YES;
				CLANG_WARN_ENUM_CONVERSION = YES;
				CLANG_WARN_INFINITE_RECURSION = YES;
				CLANG_WARN_INT_CONVERSION = YES;
				CLANG_WARN_NON_LITERAL_NULL_CONVERSION = YES;
				CLANG_WARN_OBJC_IMPLICIT_RETAIN_SELF = YES;
				CLANG_WARN_OBJC_LITERAL_CONVERSION = YES;
				CLANG_WARN_OBJC_ROOT_CLASS = YES_ERROR;
				CLANG_WARN_RANGE_LOOP_ANALYSIS = YES;
				CLANG_WARN_STRICT_PROTOTYPES = YES;
				CLANG_WARN_SUSPICIOUS_MOVE = YES;
				CLANG_WARN_UNGUARDED_AVAILABILITY = YES_AGGRESSIVE;
				CLANG_WARN_UNREACHABLE_CODE = YES;
				CLANG_WARN__DUPLICATE_METHOD_MATCH = YES;
				COPY_PHASE_STRIP = NO;
				DEBUG_INFORMATION_FORMAT = "dwarf-with-dsym";
				ENABLE_NS_ASSERTIONS = NO;
				ENABLE_STRICT_OBJC_MSGSEND = YES;
				GCC_C_LANGUAGE_STANDARD = gnu11;
				GCC_NO_COMMON_BLOCKS = YES;
				GCC_WARN_64_TO_32_BIT_CONVERSION = YES;
				GCC_WARN_ABOUT_RETURN_TYPE = YES_ERROR;
				GCC_WARN_UNDECLARED_SELECTOR = YES;
				GCC_WARN_UNINITIALIZED_AUTOS = YES_AGGRESSIVE;
				GCC_WARN_UNUSED_FUNCTION = YES;
				GCC_WARN_UNUSED_VARIABLE = YES;
				IPHONEOS_DEPLOYMENT_TARGET = 13.2;
				MTL_ENABLE_DEBUG_INFO = NO;
				MTL_FAST_MATH = YES;
				SDKROOT = iphoneos;
				SWIFT_COMPILATION_MODE = wholemodule;
				SWIFT_OPTIMIZATION_LEVEL = "-O";
				VALIDATE_PRODUCT = YES;
			};
			name = Release;
		};
		E9C1079523BD3B7700AE97D9 /* Debug */ = {
			isa = XCBuildConfiguration;
			buildSettings = {
				ASSETCATALOG_COMPILER_APPICON_NAME = AppIcon;
				CODE_SIGN_STYLE = Automatic;
				DEVELOPMENT_TEAM = 8F9MG3W29J;
				INFOPLIST_FILE = GithubFollowers_app/Info.plist;
				LD_RUNPATH_SEARCH_PATHS = (
					"$(inherited)",
					"@executable_path/Frameworks",
				);
				PRODUCT_BUNDLE_IDENTIFIER = "com.ociellerma.GithubFollowers-app";
				PRODUCT_NAME = "$(TARGET_NAME)";
				SWIFT_VERSION = 5.0;
				TARGETED_DEVICE_FAMILY = 1;
			};
			name = Debug;
		};
		E9C1079623BD3B7700AE97D9 /* Release */ = {
			isa = XCBuildConfiguration;
			buildSettings = {
				ASSETCATALOG_COMPILER_APPICON_NAME = AppIcon;
				CODE_SIGN_STYLE = Automatic;
				DEVELOPMENT_TEAM = 8F9MG3W29J;
				INFOPLIST_FILE = GithubFollowers_app/Info.plist;
				LD_RUNPATH_SEARCH_PATHS = (
					"$(inherited)",
					"@executable_path/Frameworks",
				);
				PRODUCT_BUNDLE_IDENTIFIER = "com.ociellerma.GithubFollowers-app";
				PRODUCT_NAME = "$(TARGET_NAME)";
				SWIFT_VERSION = 5.0;
				TARGETED_DEVICE_FAMILY = 1;
			};
			name = Release;
		};
/* End XCBuildConfiguration section */

/* Begin XCConfigurationList section */
		E9C1077B23BD3B6F00AE97D9 /* Build configuration list for PBXProject "GithubFollowers_app" */ = {
			isa = XCConfigurationList;
			buildConfigurations = (
				E9C1079223BD3B7700AE97D9 /* Debug */,
				E9C1079323BD3B7700AE97D9 /* Release */,
			);
			defaultConfigurationIsVisible = 0;
			defaultConfigurationName = Release;
		};
		E9C1079423BD3B7700AE97D9 /* Build configuration list for PBXNativeTarget "GithubFollowers_app" */ = {
			isa = XCConfigurationList;
			buildConfigurations = (
				E9C1079523BD3B7700AE97D9 /* Debug */,
				E9C1079623BD3B7700AE97D9 /* Release */,
			);
			defaultConfigurationIsVisible = 0;
			defaultConfigurationName = Release;
		};
/* End XCConfigurationList section */
	};
	rootObject = E9C1077823BD3B6F00AE97D9 /* Project object */;
}
